// !$*UTF8*$!
{
	archiveVersion = 1;
	classes = {
	};
	objectVersion = 46;
	objects = {

/* Begin PBXBuildFile section */
		2C157F871B2CB6DD0079E4EE /* Damage.caf in Resources */ = {isa = PBXBuildFile; fileRef = 2C157F831B2CB6DD0079E4EE /* Damage.caf */; };
		2C157F881B2CB6DD0079E4EE /* Explode.caf in Resources */ = {isa = PBXBuildFile; fileRef = 2C157F841B2CB6DD0079E4EE /* Explode.caf */; };
		2C157F891B2CB6DD0079E4EE /* Laser.caf in Resources */ = {isa = PBXBuildFile; fileRef = 2C157F851B2CB6DD0079E4EE /* Laser.caf */; };
		2C157F8A1B2CB6DD0079E4EE /* PressStart.caf in Resources */ = {isa = PBXBuildFile; fileRef = 2C157F861B2CB6DD0079E4EE /* PressStart.caf */; };
		2C157F8E1B2CB8CA0079E4EE /* GameOver.mp3 in Resources */ = {isa = PBXBuildFile; fileRef = 2C157F8B1B2CB8CA0079E4EE /* GameOver.mp3 */; };
		2C157F8F1B2CB8CA0079E4EE /* Gameplay.mp3 in Resources */ = {isa = PBXBuildFile; fileRef = 2C157F8C1B2CB8CA0079E4EE /* Gameplay.mp3 */; };
		2C157F901B2CB8CA0079E4EE /* StartScreen.mp3 in Resources */ = {isa = PBXBuildFile; fileRef = 2C157F8D1B2CB8CA0079E4EE /* StartScreen.mp3 */; };
		2C157F921B2CB8E10079E4EE /* AVFoundation.framework in Frameworks */ = {isa = PBXBuildFile; fileRef = 2C157F911B2CB8E10079E4EE /* AVFoundation.framework */; };
		2C157F991B2CC5180079E4EE /* Explosion.sks in Resources */ = {isa = PBXBuildFile; fileRef = 2C157F971B2CC5180079E4EE /* Explosion.sks */; };
		2C157F9A1B2CC5180079E4EE /* spark.png in Resources */ = {isa = PBXBuildFile; fileRef = 2C157F981B2CC5180079E4EE /* spark.png */; };
		2C157F9D1B2CC87C0079E4EE /* GMHudNode.m in Sources */ = {isa = PBXBuildFile; fileRef = 2C157F9C1B2CC87C0079E4EE /* GMHudNode.m */; };
		2C5AA4E21B2B790000A5987D /* Foundation.framework in Frameworks */ = {isa = PBXBuildFile; fileRef = 2C5AA4E11B2B790000A5987D /* Foundation.framework */; };
		2C5AA4E41B2B790000A5987D /* CoreGraphics.framework in Frameworks */ = {isa = PBXBuildFile; fileRef = 2C5AA4E31B2B790000A5987D /* CoreGraphics.framework */; };
		2C5AA4E61B2B790000A5987D /* UIKit.framework in Frameworks */ = {isa = PBXBuildFile; fileRef = 2C5AA4E51B2B790000A5987D /* UIKit.framework */; };
		2C5AA4E81B2B790000A5987D /* SpriteKit.framework in Frameworks */ = {isa = PBXBuildFile; fileRef = 2C5AA4E71B2B790000A5987D /* SpriteKit.framework */; };
		2C5AA4EE1B2B790000A5987D /* InfoPlist.strings in Resources */ = {isa = PBXBuildFile; fileRef = 2C5AA4EC1B2B790000A5987D /* InfoPlist.strings */; };
		2C5AA4F01B2B790000A5987D /* main.m in Sources */ = {isa = PBXBuildFile; fileRef = 2C5AA4EF1B2B790000A5987D /* main.m */; };
		2C5AA4F41B2B790000A5987D /* GMAppDelegate.m in Sources */ = {isa = PBXBuildFile; fileRef = 2C5AA4F31B2B790000A5987D /* GMAppDelegate.m */; };
		2C5AA4F71B2B790000A5987D /* Main.storyboard in Resources */ = {isa = PBXBuildFile; fileRef = 2C5AA4F51B2B790000A5987D /* Main.storyboard */; };
		2C5AA4FA1B2B790000A5987D /* GMViewController.m in Sources */ = {isa = PBXBuildFile; fileRef = 2C5AA4F91B2B790000A5987D /* GMViewController.m */; };
		2C5AA5011B2B790000A5987D /* Images.xcassets in Resources */ = {isa = PBXBuildFile; fileRef = 2C5AA5001B2B790000A5987D /* Images.xcassets */; };
		2C5AA5081B2B790000A5987D /* XCTest.framework in Frameworks */ = {isa = PBXBuildFile; fileRef = 2C5AA5071B2B790000A5987D /* XCTest.framework */; };
		2C5AA5091B2B790000A5987D /* Foundation.framework in Frameworks */ = {isa = PBXBuildFile; fileRef = 2C5AA4E11B2B790000A5987D /* Foundation.framework */; };
		2C5AA50A1B2B790000A5987D /* UIKit.framework in Frameworks */ = {isa = PBXBuildFile; fileRef = 2C5AA4E51B2B790000A5987D /* UIKit.framework */; };
		2C5AA5121B2B790000A5987D /* InfoPlist.strings in Resources */ = {isa = PBXBuildFile; fileRef = 2C5AA5101B2B790000A5987D /* InfoPlist.strings */; };
		2C5AA5141B2B790000A5987D /* Space_Cat_5_1_1Tests.m in Sources */ = {isa = PBXBuildFile; fileRef = 2C5AA5131B2B790000A5987D /* Space_Cat_5_1_1Tests.m */; };
		2CF06EF71B2BC13400E67C87 /* GMTitleScene.m in Sources */ = {isa = PBXBuildFile; fileRef = 2CF06EF61B2BC13400E67C87 /* GMTitleScene.m */; };
		2CF06EFA1B2BC2E000E67C87 /* GMGamePlayScene.m in Sources */ = {isa = PBXBuildFile; fileRef = 2CF06EF91B2BC2E000E67C87 /* GMGamePlayScene.m */; };
		2CF06EFC1B2BC51C00E67C87 /* Sprites.atlas in Resources */ = {isa = PBXBuildFile; fileRef = 2CF06EFB1B2BC51C00E67C87 /* Sprites.atlas */; };
		2CF06EFF1B2BD5D600E67C87 /* GMMachineNode.m in Sources */ = {isa = PBXBuildFile; fileRef = 2CF06EFE1B2BD5D600E67C87 /* GMMachineNode.m */; };
		2CF06F021B2BD8EC00E67C87 /* GMSpaceCatNode.m in Sources */ = {isa = PBXBuildFile; fileRef = 2CF06F011B2BD8EC00E67C87 /* GMSpaceCatNode.m */; };
		2CF06F051B2BEABD00E67C87 /* GMProjectileNode.m in Sources */ = {isa = PBXBuildFile; fileRef = 2CF06F041B2BEABD00E67C87 /* GMProjectileNode.m */; };
		2CF06F0A1B2BF38700E67C87 /* GMUtil.m in Sources */ = {isa = PBXBuildFile; fileRef = 2CF06F091B2BF38700E67C87 /* GMUtil.m */; };
		2CF06F0D1B2BFB6C00E67C87 /* GMSpaceDogNode.m in Sources */ = {isa = PBXBuildFile; fileRef = 2CF06F0C1B2BFB6C00E67C87 /* GMSpaceDogNode.m */; };
		2CF06F101B2BFF3800E67C87 /* GMGroundNode.m in Sources */ = {isa = PBXBuildFile; fileRef = 2CF06F0F1B2BFF3800E67C87 /* GMGroundNode.m */; };
/* End PBXBuildFile section */

/* Begin PBXContainerItemProxy section */
		2C5AA50B1B2B790000A5987D /* PBXContainerItemProxy */ = {
			isa = PBXContainerItemProxy;
			containerPortal = 2C5AA4D61B2B78FF00A5987D /* Project object */;
			proxyType = 1;
			remoteGlobalIDString = 2C5AA4DD1B2B790000A5987D;
			remoteInfo = "Space Cat 5.1.1";
		};
/* End PBXContainerItemProxy section */

/* Begin PBXFileReference section */
		2C157F831B2CB6DD0079E4EE /* Damage.caf */ = {isa = PBXFileReference; lastKnownFileType = file; path = Damage.caf; sourceTree = "<group>"; };
		2C157F841B2CB6DD0079E4EE /* Explode.caf */ = {isa = PBXFileReference; lastKnownFileType = file; path = Explode.caf; sourceTree = "<group>"; };
		2C157F851B2CB6DD0079E4EE /* Laser.caf */ = {isa = PBXFileReference; lastKnownFileType = file; path = Laser.caf; sourceTree = "<group>"; };
		2C157F861B2CB6DD0079E4EE /* PressStart.caf */ = {isa = PBXFileReference; lastKnownFileType = file; path = PressStart.caf; sourceTree = "<group>"; };
		2C157F8B1B2CB8CA0079E4EE /* GameOver.mp3 */ = {isa = PBXFileReference; lastKnownFileType = audio.mp3; path = GameOver.mp3; sourceTree = "<group>"; };
		2C157F8C1B2CB8CA0079E4EE /* Gameplay.mp3 */ = {isa = PBXFileReference; lastKnownFileType = audio.mp3; path = Gameplay.mp3; sourceTree = "<group>"; };
		2C157F8D1B2CB8CA0079E4EE /* StartScreen.mp3 */ = {isa = PBXFileReference; lastKnownFileType = audio.mp3; path = StartScreen.mp3; sourceTree = "<group>"; };
		2C157F911B2CB8E10079E4EE /* AVFoundation.framework */ = {isa = PBXFileReference; lastKnownFileType = wrapper.framework; name = AVFoundation.framework; path = System/Library/Frameworks/AVFoundation.framework; sourceTree = SDKROOT; };
		2C157F971B2CC5180079E4EE /* Explosion.sks */ = {isa = PBXFileReference; lastKnownFileType = file.sks; path = Explosion.sks; sourceTree = "<group>"; };
		2C157F981B2CC5180079E4EE /* spark.png */ = {isa = PBXFileReference; lastKnownFileType = image.png; path = spark.png; sourceTree = "<group>"; };
		2C157F9B1B2CC87C0079E4EE /* GMHudNode.h */ = {isa = PBXFileReference; fileEncoding = 4; lastKnownFileType = sourcecode.c.h; path = GMHudNode.h; sourceTree = "<group>"; };
		2C157F9C1B2CC87C0079E4EE /* GMHudNode.m */ = {isa = PBXFileReference; fileEncoding = 4; lastKnownFileType = sourcecode.c.objc; path = GMHudNode.m; sourceTree = "<group>"; };
		2C5AA4DE1B2B790000A5987D /* Space Cat 5.1.1.app */ = {isa = PBXFileReference; explicitFileType = wrapper.application; includeInIndex = 0; path = "Space Cat 5.1.1.app"; sourceTree = BUILT_PRODUCTS_DIR; };
		2C5AA4E11B2B790000A5987D /* Foundation.framework */ = {isa = PBXFileReference; lastKnownFileType = wrapper.framework; name = Foundation.framework; path = System/Library/Frameworks/Foundation.framework; sourceTree = SDKROOT; };
		2C5AA4E31B2B790000A5987D /* CoreGraphics.framework */ = {isa = PBXFileReference; lastKnownFileType = wrapper.framework; name = CoreGraphics.framework; path = System/Library/Frameworks/CoreGraphics.framework; sourceTree = SDKROOT; };
		2C5AA4E51B2B790000A5987D /* UIKit.framework */ = {isa = PBXFileReference; lastKnownFileType = wrapper.framework; name = UIKit.framework; path = System/Library/Frameworks/UIKit.framework; sourceTree = SDKROOT; };
		2C5AA4E71B2B790000A5987D /* SpriteKit.framework */ = {isa = PBXFileReference; lastKnownFileType = wrapper.framework; name = SpriteKit.framework; path = System/Library/Frameworks/SpriteKit.framework; sourceTree = SDKROOT; };
		2C5AA4EB1B2B790000A5987D /* Space Cat 5.1.1-Info.plist */ = {isa = PBXFileReference; lastKnownFileType = text.plist.xml; path = "Space Cat 5.1.1-Info.plist"; sourceTree = "<group>"; };
		2C5AA4ED1B2B790000A5987D /* en */ = {isa = PBXFileReference; lastKnownFileType = text.plist.strings; name = en; path = en.lproj/InfoPlist.strings; sourceTree = "<group>"; };
		2C5AA4EF1B2B790000A5987D /* main.m */ = {isa = PBXFileReference; lastKnownFileType = sourcecode.c.objc; path = main.m; sourceTree = "<group>"; };
		2C5AA4F11B2B790000A5987D /* Space Cat 5.1.1-Prefix.pch */ = {isa = PBXFileReference; lastKnownFileType = sourcecode.c.h; path = "Space Cat 5.1.1-Prefix.pch"; sourceTree = "<group>"; };
		2C5AA4F21B2B790000A5987D /* GMAppDelegate.h */ = {isa = PBXFileReference; lastKnownFileType = sourcecode.c.h; path = GMAppDelegate.h; sourceTree = "<group>"; };
		2C5AA4F31B2B790000A5987D /* GMAppDelegate.m */ = {isa = PBXFileReference; lastKnownFileType = sourcecode.c.objc; path = GMAppDelegate.m; sourceTree = "<group>"; };
		2C5AA4F61B2B790000A5987D /* Base */ = {isa = PBXFileReference; lastKnownFileType = file.storyboard; name = Base; path = Base.lproj/Main.storyboard; sourceTree = "<group>"; };
		2C5AA4F81B2B790000A5987D /* GMViewController.h */ = {isa = PBXFileReference; lastKnownFileType = sourcecode.c.h; path = GMViewController.h; sourceTree = "<group>"; };
		2C5AA4F91B2B790000A5987D /* GMViewController.m */ = {isa = PBXFileReference; lastKnownFileType = sourcecode.c.objc; path = GMViewController.m; sourceTree = "<group>"; };
		2C5AA5001B2B790000A5987D /* Images.xcassets */ = {isa = PBXFileReference; lastKnownFileType = folder.assetcatalog; path = Images.xcassets; sourceTree = "<group>"; };
		2C5AA5061B2B790000A5987D /* Space Cat 5.1.1Tests.xctest */ = {isa = PBXFileReference; explicitFileType = wrapper.cfbundle; includeInIndex = 0; path = "Space Cat 5.1.1Tests.xctest"; sourceTree = BUILT_PRODUCTS_DIR; };
		2C5AA5071B2B790000A5987D /* XCTest.framework */ = {isa = PBXFileReference; lastKnownFileType = wrapper.framework; name = XCTest.framework; path = Library/Frameworks/XCTest.framework; sourceTree = DEVELOPER_DIR; };
		2C5AA50F1B2B790000A5987D /* Space Cat 5.1.1Tests-Info.plist */ = {isa = PBXFileReference; lastKnownFileType = text.plist.xml; path = "Space Cat 5.1.1Tests-Info.plist"; sourceTree = "<group>"; };
		2C5AA5111B2B790000A5987D /* en */ = {isa = PBXFileReference; lastKnownFileType = text.plist.strings; name = en; path = en.lproj/InfoPlist.strings; sourceTree = "<group>"; };
		2C5AA5131B2B790000A5987D /* Space_Cat_5_1_1Tests.m */ = {isa = PBXFileReference; lastKnownFileType = sourcecode.c.objc; path = Space_Cat_5_1_1Tests.m; sourceTree = "<group>"; };
		2CF06EF51B2BC13400E67C87 /* GMTitleScene.h */ = {isa = PBXFileReference; fileEncoding = 4; lastKnownFileType = sourcecode.c.h; path = GMTitleScene.h; sourceTree = "<group>"; };
		2CF06EF61B2BC13400E67C87 /* GMTitleScene.m */ = {isa = PBXFileReference; fileEncoding = 4; lastKnownFileType = sourcecode.c.objc; path = GMTitleScene.m; sourceTree = "<group>"; };
		2CF06EF81B2BC2E000E67C87 /* GMGamePlayScene.h */ = {isa = PBXFileReference; fileEncoding = 4; lastKnownFileType = sourcecode.c.h; path = GMGamePlayScene.h; sourceTree = "<group>"; };
		2CF06EF91B2BC2E000E67C87 /* GMGamePlayScene.m */ = {isa = PBXFileReference; fileEncoding = 4; lastKnownFileType = sourcecode.c.objc; path = GMGamePlayScene.m; sourceTree = "<group>"; };
		2CF06EFB1B2BC51C00E67C87 /* Sprites.atlas */ = {isa = PBXFileReference; lastKnownFileType = folder.skatlas; path = Sprites.atlas; sourceTree = "<group>"; };
		2CF06EFD1B2BD5D600E67C87 /* GMMachineNode.h */ = {isa = PBXFileReference; fileEncoding = 4; lastKnownFileType = sourcecode.c.h; path = GMMachineNode.h; sourceTree = "<group>"; };
		2CF06EFE1B2BD5D600E67C87 /* GMMachineNode.m */ = {isa = PBXFileReference; fileEncoding = 4; lastKnownFileType = sourcecode.c.objc; path = GMMachineNode.m; sourceTree = "<group>"; };
		2CF06F001B2BD8EC00E67C87 /* GMSpaceCatNode.h */ = {isa = PBXFileReference; fileEncoding = 4; lastKnownFileType = sourcecode.c.h; path = GMSpaceCatNode.h; sourceTree = "<group>"; };
		2CF06F011B2BD8EC00E67C87 /* GMSpaceCatNode.m */ = {isa = PBXFileReference; fileEncoding = 4; lastKnownFileType = sourcecode.c.objc; path = GMSpaceCatNode.m; sourceTree = "<group>"; };
		2CF06F031B2BEABD00E67C87 /* GMProjectileNode.h */ = {isa = PBXFileReference; fileEncoding = 4; lastKnownFileType = sourcecode.c.h; path = GMProjectileNode.h; sourceTree = "<group>"; };
		2CF06F041B2BEABD00E67C87 /* GMProjectileNode.m */ = {isa = PBXFileReference; fileEncoding = 4; lastKnownFileType = sourcecode.c.objc; path = GMProjectileNode.m; sourceTree = "<group>"; };
		2CF06F081B2BF38700E67C87 /* GMUtil.h */ = {isa = PBXFileReference; fileEncoding = 4; lastKnownFileType = sourcecode.c.h; name = GMUtil.h; path = ../GMUtil.h; sourceTree = "<group>"; };
		2CF06F091B2BF38700E67C87 /* GMUtil.m */ = {isa = PBXFileReference; fileEncoding = 4; lastKnownFileType = sourcecode.c.objc; name = GMUtil.m; path = ../GMUtil.m; sourceTree = "<group>"; };
		2CF06F0B1B2BFB6C00E67C87 /* GMSpaceDogNode.h */ = {isa = PBXFileReference; fileEncoding = 4; lastKnownFileType = sourcecode.c.h; path = GMSpaceDogNode.h; sourceTree = "<group>"; };
		2CF06F0C1B2BFB6C00E67C87 /* GMSpaceDogNode.m */ = {isa = PBXFileReference; fileEncoding = 4; lastKnownFileType = sourcecode.c.objc; path = GMSpaceDogNode.m; sourceTree = "<group>"; };
		2CF06F0E1B2BFF3800E67C87 /* GMGroundNode.h */ = {isa = PBXFileReference; fileEncoding = 4; lastKnownFileType = sourcecode.c.h; path = GMGroundNode.h; sourceTree = "<group>"; };
		2CF06F0F1B2BFF3800E67C87 /* GMGroundNode.m */ = {isa = PBXFileReference; fileEncoding = 4; lastKnownFileType = sourcecode.c.objc; path = GMGroundNode.m; sourceTree = "<group>"; };
/* End PBXFileReference section */

/* Begin PBXFrameworksBuildPhase section */
		2C5AA4DB1B2B790000A5987D /* Frameworks */ = {
			isa = PBXFrameworksBuildPhase;
			buildActionMask = 2147483647;
			files = (
				2C157F921B2CB8E10079E4EE /* AVFoundation.framework in Frameworks */,
				2C5AA4E41B2B790000A5987D /* CoreGraphics.framework in Frameworks */,
				2C5AA4E61B2B790000A5987D /* UIKit.framework in Frameworks */,
				2C5AA4E81B2B790000A5987D /* SpriteKit.framework in Frameworks */,
				2C5AA4E21B2B790000A5987D /* Foundation.framework in Frameworks */,
			);
			runOnlyForDeploymentPostprocessing = 0;
		};
		2C5AA5031B2B790000A5987D /* Frameworks */ = {
			isa = PBXFrameworksBuildPhase;
			buildActionMask = 2147483647;
			files = (
				2C5AA5081B2B790000A5987D /* XCTest.framework in Frameworks */,
				2C5AA50A1B2B790000A5987D /* UIKit.framework in Frameworks */,
				2C5AA5091B2B790000A5987D /* Foundation.framework in Frameworks */,
			);
			runOnlyForDeploymentPostprocessing = 0;
		};
/* End PBXFrameworksBuildPhase section */

/* Begin PBXGroup section */
		2C157F821B2CB6B90079E4EE /* Sounds */ = {
			isa = PBXGroup;
			children = (
				2C157F8B1B2CB8CA0079E4EE /* GameOver.mp3 */,
				2C157F8C1B2CB8CA0079E4EE /* Gameplay.mp3 */,
				2C157F8D1B2CB8CA0079E4EE /* StartScreen.mp3 */,
				2C157F831B2CB6DD0079E4EE /* Damage.caf */,
				2C157F841B2CB6DD0079E4EE /* Explode.caf */,
				2C157F851B2CB6DD0079E4EE /* Laser.caf */,
				2C157F861B2CB6DD0079E4EE /* PressStart.caf */,
			);
			name = Sounds;
			sourceTree = "<group>";
		};
		2C5AA4D51B2B78FF00A5987D = {
			isa = PBXGroup;
			children = (
				2C5AA4E91B2B790000A5987D /* Space Cat 5.1.1 */,
				2C5AA50D1B2B790000A5987D /* Space Cat 5.1.1Tests */,
				2C5AA4E01B2B790000A5987D /* Frameworks */,
				2C5AA4DF1B2B790000A5987D /* Products */,
			);
			sourceTree = "<group>";
		};
		2C5AA4DF1B2B790000A5987D /* Products */ = {
			isa = PBXGroup;
			children = (
				2C5AA4DE1B2B790000A5987D /* Space Cat 5.1.1.app */,
				2C5AA5061B2B790000A5987D /* Space Cat 5.1.1Tests.xctest */,
			);
			name = Products;
			sourceTree = "<group>";
		};
		2C5AA4E01B2B790000A5987D /* Frameworks */ = {
			isa = PBXGroup;
			children = (
				2C157F911B2CB8E10079E4EE /* AVFoundation.framework */,
				2C5AA4E11B2B790000A5987D /* Foundation.framework */,
				2C5AA4E31B2B790000A5987D /* CoreGraphics.framework */,
				2C5AA4E51B2B790000A5987D /* UIKit.framework */,
				2C5AA4E71B2B790000A5987D /* SpriteKit.framework */,
				2C5AA5071B2B790000A5987D /* XCTest.framework */,
			);
			name = Frameworks;
			sourceTree = "<group>";
		};
		2C5AA4E91B2B790000A5987D /* Space Cat 5.1.1 */ = {
			isa = PBXGroup;
			children = (
				2C157F821B2CB6B90079E4EE /* Sounds */,
				2CF06F081B2BF38700E67C87 /* GMUtil.h */,
				2CF06F091B2BF38700E67C87 /* GMUtil.m */,
				2CF06EF51B2BC13400E67C87 /* GMTitleScene.h */,
				2CF06EF61B2BC13400E67C87 /* GMTitleScene.m */,
				2C157F9B1B2CC87C0079E4EE /* GMHudNode.h */,
				2C157F9C1B2CC87C0079E4EE /* GMHudNode.m */,
				2CF06EF81B2BC2E000E67C87 /* GMGamePlayScene.h */,
				2CF06EF91B2BC2E000E67C87 /* GMGamePlayScene.m */,
				2CF06F0E1B2BFF3800E67C87 /* GMGroundNode.h */,
				2CF06F0F1B2BFF3800E67C87 /* GMGroundNode.m */,
				2CF06EFD1B2BD5D600E67C87 /* GMMachineNode.h */,
				2CF06EFE1B2BD5D600E67C87 /* GMMachineNode.m */,
				2CF06F031B2BEABD00E67C87 /* GMProjectileNode.h */,
				2CF06F041B2BEABD00E67C87 /* GMProjectileNode.m */,
				2CF06F0B1B2BFB6C00E67C87 /* GMSpaceDogNode.h */,
				2CF06F0C1B2BFB6C00E67C87 /* GMSpaceDogNode.m */,
				2CF06F001B2BD8EC00E67C87 /* GMSpaceCatNode.h */,
				2CF06F011B2BD8EC00E67C87 /* GMSpaceCatNode.m */,
				2C5AA5001B2B790000A5987D /* Images.xcassets */,
				2C157F971B2CC5180079E4EE /* Explosion.sks */,
				2C157F981B2CC5180079E4EE /* spark.png */,
				2CF06EFB1B2BC51C00E67C87 /* Sprites.atlas */,
				2C5AA4EA1B2B790000A5987D /* Supporting Files */,
			);
			path = "Space Cat 5.1.1";
			sourceTree = "<group>";
		};
		2C5AA4EA1B2B790000A5987D /* Supporting Files */ = {
			isa = PBXGroup;
			children = (
				2C5AA4F51B2B790000A5987D /* Main.storyboard */,
				2C5AA4F21B2B790000A5987D /* GMAppDelegate.h */,
				2C5AA4F31B2B790000A5987D /* GMAppDelegate.m */,
				2C5AA4F81B2B790000A5987D /* GMViewController.h */,
				2C5AA4F91B2B790000A5987D /* GMViewController.m */,
				2C5AA4EB1B2B790000A5987D /* Space Cat 5.1.1-Info.plist */,
				2C5AA4EC1B2B790000A5987D /* InfoPlist.strings */,
				2C5AA4EF1B2B790000A5987D /* main.m */,
				2C5AA4F11B2B790000A5987D /* Space Cat 5.1.1-Prefix.pch */,
			);
			name = "Supporting Files";
			sourceTree = "<group>";
		};
		2C5AA50D1B2B790000A5987D /* Space Cat 5.1.1Tests */ = {
			isa = PBXGroup;
			children = (
				2C5AA5131B2B790000A5987D /* Space_Cat_5_1_1Tests.m */,
				2C5AA50E1B2B790000A5987D /* Supporting Files */,
			);
			path = "Space Cat 5.1.1Tests";
			sourceTree = "<group>";
		};
		2C5AA50E1B2B790000A5987D /* Supporting Files */ = {
			isa = PBXGroup;
			children = (
				2C5AA50F1B2B790000A5987D /* Space Cat 5.1.1Tests-Info.plist */,
				2C5AA5101B2B790000A5987D /* InfoPlist.strings */,
			);
			name = "Supporting Files";
			sourceTree = "<group>";
		};
/* End PBXGroup section */

/* Begin PBXNativeTarget section */
		2C5AA4DD1B2B790000A5987D /* Space Cat 5.1.1 */ = {
			isa = PBXNativeTarget;
			buildConfigurationList = 2C5AA5171B2B790000A5987D /* Build configuration list for PBXNativeTarget "Space Cat 5.1.1" */;
			buildPhases = (
				2C5AA4DA1B2B790000A5987D /* Sources */,
				2C5AA4DB1B2B790000A5987D /* Frameworks */,
				2C5AA4DC1B2B790000A5987D /* Resources */,
			);
			buildRules = (
			);
			dependencies = (
			);
			name = "Space Cat 5.1.1";
			productName = "Space Cat 5.1.1";
			productReference = 2C5AA4DE1B2B790000A5987D /* Space Cat 5.1.1.app */;
			productType = "com.apple.product-type.application";
		};
		2C5AA5051B2B790000A5987D /* Space Cat 5.1.1Tests */ = {
			isa = PBXNativeTarget;
			buildConfigurationList = 2C5AA51A1B2B790000A5987D /* Build configuration list for PBXNativeTarget "Space Cat 5.1.1Tests" */;
			buildPhases = (
				2C5AA5021B2B790000A5987D /* Sources */,
				2C5AA5031B2B790000A5987D /* Frameworks */,
				2C5AA5041B2B790000A5987D /* Resources */,
			);
			buildRules = (
			);
			dependencies = (
				2C5AA50C1B2B790000A5987D /* PBXTargetDependency */,
			);
			name = "Space Cat 5.1.1Tests";
			productName = "Space Cat 5.1.1Tests";
			productReference = 2C5AA5061B2B790000A5987D /* Space Cat 5.1.1Tests.xctest */;
			productType = "com.apple.product-type.bundle.unit-test";
		};
/* End PBXNativeTarget section */

/* Begin PBXProject section */
		2C5AA4D61B2B78FF00A5987D /* Project object */ = {
			isa = PBXProject;
			attributes = {
				CLASSPREFIX = GM;
				LastUpgradeCheck = 0510;
				ORGANIZATIONNAME = SwiftBeard;
				TargetAttributes = {
					2C5AA4DD1B2B790000A5987D = {
						DevelopmentTeam = BXEL354SU6;
					};
					2C5AA5051B2B790000A5987D = {
						TestTargetID = 2C5AA4DD1B2B790000A5987D;
					};
				};
			};
			buildConfigurationList = 2C5AA4D91B2B78FF00A5987D /* Build configuration list for PBXProject "Space Cat 5.1.1" */;
			compatibilityVersion = "Xcode 3.2";
			developmentRegion = English;
			hasScannedForEncodings = 0;
			knownRegions = (
				en,
				Base,
			);
			mainGroup = 2C5AA4D51B2B78FF00A5987D;
			productRefGroup = 2C5AA4DF1B2B790000A5987D /* Products */;
			projectDirPath = "";
			projectRoot = "";
			targets = (
				2C5AA4DD1B2B790000A5987D /* Space Cat 5.1.1 */,
				2C5AA5051B2B790000A5987D /* Space Cat 5.1.1Tests */,
			);
		};
/* End PBXProject section */

/* Begin PBXResourcesBuildPhase section */
		2C5AA4DC1B2B790000A5987D /* Resources */ = {
			isa = PBXResourcesBuildPhase;
			buildActionMask = 2147483647;
			files = (
				2C157F8F1B2CB8CA0079E4EE /* Gameplay.mp3 in Resources */,
				2C5AA4EE1B2B790000A5987D /* InfoPlist.strings in Resources */,
				2C157F8A1B2CB6DD0079E4EE /* PressStart.caf in Resources */,
				2C157F891B2CB6DD0079E4EE /* Laser.caf in Resources */,
				2C5AA5011B2B790000A5987D /* Images.xcassets in Resources */,
				2C157F9A1B2CC5180079E4EE /* spark.png in Resources */,
				2C157F991B2CC5180079E4EE /* Explosion.sks in Resources */,
				2C157F8E1B2CB8CA0079E4EE /* GameOver.mp3 in Resources */,
				2C157F871B2CB6DD0079E4EE /* Damage.caf in Resources */,
				2CF06EFC1B2BC51C00E67C87 /* Sprites.atlas in Resources */,
				2C157F881B2CB6DD0079E4EE /* Explode.caf in Resources */,
				2C157F901B2CB8CA0079E4EE /* StartScreen.mp3 in Resources */,
				2C5AA4F71B2B790000A5987D /* Main.storyboard in Resources */,
			);
			runOnlyForDeploymentPostprocessing = 0;
		};
		2C5AA5041B2B790000A5987D /* Resources */ = {
			isa = PBXResourcesBuildPhase;
			buildActionMask = 2147483647;
			files = (
				2C5AA5121B2B790000A5987D /* InfoPlist.strings in Resources */,
			);
			runOnlyForDeploymentPostprocessing = 0;
		};
/* End PBXResourcesBuildPhase section */

/* Begin PBXSourcesBuildPhase section */
		2C5AA4DA1B2B790000A5987D /* Sources */ = {
			isa = PBXSourcesBuildPhase;
			buildActionMask = 2147483647;
			files = (
				2CF06F051B2BEABD00E67C87 /* GMProjectileNode.m in Sources */,
				2CF06F0D1B2BFB6C00E67C87 /* GMSpaceDogNode.m in Sources */,
				2CF06EFA1B2BC2E000E67C87 /* GMGamePlayScene.m in Sources */,
				2CF06F101B2BFF3800E67C87 /* GMGroundNode.m in Sources */,
				2CF06F0A1B2BF38700E67C87 /* GMUtil.m in Sources */,
				2C157F9D1B2CC87C0079E4EE /* GMHudNode.m in Sources */,
				2C5AA4F41B2B790000A5987D /* GMAppDelegate.m in Sources */,
				2CF06F021B2BD8EC00E67C87 /* GMSpaceCatNode.m in Sources */,
				2CF06EF71B2BC13400E67C87 /* GMTitleScene.m in Sources */,
				2CF06EFF1B2BD5D600E67C87 /* GMMachineNode.m in Sources */,
				2C5AA4FA1B2B790000A5987D /* GMViewController.m in Sources */,
				2C5AA4F01B2B790000A5987D /* main.m in Sources */,
			);
			runOnlyForDeploymentPostprocessing = 0;
		};
		2C5AA5021B2B790000A5987D /* Sources */ = {
			isa = PBXSourcesBuildPhase;
			buildActionMask = 2147483647;
			files = (
				2C5AA5141B2B790000A5987D /* Space_Cat_5_1_1Tests.m in Sources */,
			);
			runOnlyForDeploymentPostprocessing = 0;
		};
/* End PBXSourcesBuildPhase section */

/* Begin PBXTargetDependency section */
		2C5AA50C1B2B790000A5987D /* PBXTargetDependency */ = {
			isa = PBXTargetDependency;
			target = 2C5AA4DD1B2B790000A5987D /* Space Cat 5.1.1 */;
			targetProxy = 2C5AA50B1B2B790000A5987D /* PBXContainerItemProxy */;
		};
/* End PBXTargetDependency section */

/* Begin PBXVariantGroup section */
		2C5AA4EC1B2B790000A5987D /* InfoPlist.strings */ = {
			isa = PBXVariantGroup;
			children = (
				2C5AA4ED1B2B790000A5987D /* en */,
			);
			name = InfoPlist.strings;
			sourceTree = "<group>";
		};
		2C5AA4F51B2B790000A5987D /* Main.storyboard */ = {
			isa = PBXVariantGroup;
			children = (
				2C5AA4F61B2B790000A5987D /* Base */,
			);
			name = Main.storyboard;
			sourceTree = "<group>";
		};
		2C5AA5101B2B790000A5987D /* InfoPlist.strings */ = {
			isa = PBXVariantGroup;
			children = (
				2C5AA5111B2B790000A5987D /* en */,
			);
			name = InfoPlist.strings;
			sourceTree = "<group>";
		};
/* End PBXVariantGroup section */

/* Begin XCBuildConfiguration section */
		2C5AA5151B2B790000A5987D /* Debug */ = {
			isa = XCBuildConfiguration;
			buildSettings = {
				ALWAYS_SEARCH_USER_PATHS = NO;
				CLANG_CXX_LANGUAGE_STANDARD = "gnu++0x";
				CLANG_CXX_LIBRARY = "libc++";
				CLANG_ENABLE_MODULES = YES;
				CLANG_ENABLE_OBJC_ARC = YES;
				CLANG_WARN_BOOL_CONVERSION = YES;
				CLANG_WARN_CONSTANT_CONVERSION = YES;
				CLANG_WARN_DIRECT_OBJC_ISA_USAGE = YES_ERROR;
				CLANG_WARN_EMPTY_BODY = YES;
				CLANG_WARN_ENUM_CONVERSION = YES;
				CLANG_WARN_INT_CONVERSION = YES;
				CLANG_WARN_OBJC_ROOT_CLASS = YES_ERROR;
				CLANG_WARN__DUPLICATE_METHOD_MATCH = YES;
				"CODE_SIGN_IDENTITY[sdk=iphoneos*]" = "iPhone Developer";
				COPY_PHASE_STRIP = NO;
				GCC_C_LANGUAGE_STANDARD = gnu99;
				GCC_DYNAMIC_NO_PIC = NO;
				GCC_OPTIMIZATION_LEVEL = 0;
				GCC_PREPROCESSOR_DEFINITIONS = (
					"DEBUG=1",
					"$(inherited)",
				);
				GCC_SYMBOLS_PRIVATE_EXTERN = NO;
				GCC_WARN_64_TO_32_BIT_CONVERSION = YES;
				GCC_WARN_ABOUT_RETURN_TYPE = YES_ERROR;
				GCC_WARN_UNDECLARED_SELECTOR = YES;
				GCC_WARN_UNINITIALIZED_AUTOS = YES_AGGRESSIVE;
				GCC_WARN_UNUSED_FUNCTION = YES;
				GCC_WARN_UNUSED_VARIABLE = YES;
				IPHONEOS_DEPLOYMENT_TARGET = 7.1;
				ONLY_ACTIVE_ARCH = YES;
				SDKROOT = iphoneos;
			};
			name = Debug;
		};
		2C5AA5161B2B790000A5987D /* Release */ = {
			isa = XCBuildConfiguration;
			buildSettings = {
				ALWAYS_SEARCH_USER_PATHS = NO;
				CLANG_CXX_LANGUAGE_STANDARD = "gnu++0x";
				CLANG_CXX_LIBRARY = "libc++";
				CLANG_ENABLE_MODULES = YES;
				CLANG_ENABLE_OBJC_ARC = YES;
				CLANG_WARN_BOOL_CONVERSION = YES;
				CLANG_WARN_CONSTANT_CONVERSION = YES;
				CLANG_WARN_DIRECT_OBJC_ISA_USAGE = YES_ERROR;
				CLANG_WARN_EMPTY_BODY = YES;
				CLANG_WARN_ENUM_CONVERSION = YES;
				CLANG_WARN_INT_CONVERSION = YES;
				CLANG_WARN_OBJC_ROOT_CLASS = YES_ERROR;
				CLANG_WARN__DUPLICATE_METHOD_MATCH = YES;
				"CODE_SIGN_IDENTITY[sdk=iphoneos*]" = "iPhone Developer";
				COPY_PHASE_STRIP = YES;
				ENABLE_NS_ASSERTIONS = NO;
				GCC_C_LANGUAGE_STANDARD = gnu99;
				GCC_WARN_64_TO_32_BIT_CONVERSION = YES;
				GCC_WARN_ABOUT_RETURN_TYPE = YES_ERROR;
				GCC_WARN_UNDECLARED_SELECTOR = YES;
				GCC_WARN_UNINITIALIZED_AUTOS = YES_AGGRESSIVE;
				GCC_WARN_UNUSED_FUNCTION = YES;
				GCC_WARN_UNUSED_VARIABLE = YES;
				IPHONEOS_DEPLOYMENT_TARGET = 7.1;
				SDKROOT = iphoneos;
				VALIDATE_PRODUCT = YES;
			};
			name = Release;
		};
		2C5AA5181B2B790000A5987D /* Debug */ = {
			isa = XCBuildConfiguration;
			buildSettings = {
				ASSETCATALOG_COMPILER_APPICON_NAME = AppIcon;
				ASSETCATALOG_COMPILER_LAUNCHIMAGE_NAME = LaunchImage;
				CODE_SIGN_IDENTITY = "iPhone Developer";
				GCC_PRECOMPILE_PREFIX_HEADER = YES;
				GCC_PREFIX_HEADER = "Space Cat 5.1.1/Space Cat 5.1.1-Prefix.pch";
				INFOPLIST_FILE = "Space Cat 5.1.1/Space Cat 5.1.1-Info.plist";
				PRODUCT_NAME = "$(TARGET_NAME)";
				SPRITEKIT_TEXTURE_ATLAS_OUTPUT = YES;
				WRAPPER_EXTENSION = app;
			};
			name = Debug;
		};
		2C5AA5191B2B790000A5987D /* Release */ = {
			isa = XCBuildConfiguration;
			buildSettings = {
				ASSETCATALOG_COMPILER_APPICON_NAME = AppIcon;
				ASSETCATALOG_COMPILER_LAUNCHIMAGE_NAME = LaunchImage;
				CODE_SIGN_IDENTITY = "iPhone Developer";
				GCC_PRECOMPILE_PREFIX_HEADER = YES;
				GCC_PREFIX_HEADER = "Space Cat 5.1.1/Space Cat 5.1.1-Prefix.pch";
				INFOPLIST_FILE = "Space Cat 5.1.1/Space Cat 5.1.1-Info.plist";
				PRODUCT_NAME = "$(TARGET_NAME)";
				SPRITEKIT_TEXTURE_ATLAS_OUTPUT = YES;
				WRAPPER_EXTENSION = app;
			};
			name = Release;
		};
		2C5AA51B1B2B790000A5987D /* Debug */ = {
			isa = XCBuildConfiguration;
			buildSettings = {
				BUNDLE_LOADER = "$(BUILT_PRODUCTS_DIR)/Space Cat 5.1.1.app/Space Cat 5.1.1";
				FRAMEWORK_SEARCH_PATHS = (
					"$(SDKROOT)/Developer/Library/Frameworks",
					"$(inherited)",
					"$(DEVELOPER_FRAMEWORKS_DIR)",
				);
				GCC_PRECOMPILE_PREFIX_HEADER = YES;
				GCC_PREFIX_HEADER = "Space Cat 5.1.1/Space Cat 5.1.1-Prefix.pch";
				GCC_PREPROCESSOR_DEFINITIONS = (
					"DEBUG=1",
					"$(inherited)",
				);
				INFOPLIST_FILE = "Space Cat 5.1.1Tests/Space Cat 5.1.1Tests-Info.plist";
				PRODUCT_NAME = "$(TARGET_NAME)";
				TEST_HOST = "$(BUNDLE_LOADER)";
				WRAPPER_EXTENSION = xctest;
			};
			name = Debug;
		};
		2C5AA51C1B2B790000A5987D /* Release */ = {
			isa = XCBuildConfiguration;
			buildSettings = {
				BUNDLE_LOADER = "$(BUILT_PRODUCTS_DIR)/Space Cat 5.1.1.app/Space Cat 5.1.1";
				FRAMEWORK_SEARCH_PATHS = (
					"$(SDKROOT)/Developer/Library/Frameworks",
					"$(inherited)",
					"$(DEVELOPER_FRAMEWORKS_DIR)",
				);
				GCC_PRECOMPILE_PREFIX_HEADER = YES;
				GCC_PREFIX_HEADER = "Space Cat 5.1.1/Space Cat 5.1.1-Prefix.pch";
				INFOPLIST_FILE = "Space Cat 5.1.1Tests/Space Cat 5.1.1Tests-Info.plist";
				PRODUCT_NAME = "$(TARGET_NAME)";
				TEST_HOST = "$(BUNDLE_LOADER)";
				WRAPPER_EXTENSION = xctest;
			};
			name = Release;
		};
/* End XCBuildConfiguration section */

/* Begin XCConfigurationList section */
		2C5AA4D91B2B78FF00A5987D /* Build configuration list for PBXProject "Space Cat 5.1.1" */ = {
			isa = XCConfigurationList;
			buildConfigurations = (
				2C5AA5151B2B790000A5987D /* Debug */,
				2C5AA5161B2B790000A5987D /* Release */,
			);
			defaultConfigurationIsVisible = 0;
			defaultConfigurationName = Release;
		};
		2C5AA5171B2B790000A5987D /* Build configuration list for PBXNativeTarget "Space Cat 5.1.1" */ = {
			isa = XCConfigurationList;
			buildConfigurations = (
				2C5AA5181B2B790000A5987D /* Debug */,
				2C5AA5191B2B790000A5987D /* Release */,
			);
			defaultConfigurationIsVisible = 0;
			defaultConfigurationName = Release;
		};
		2C5AA51A1B2B790000A5987D /* Build configuration list for PBXNativeTarget "Space Cat 5.1.1Tests" */ = {
			isa = XCConfigurationList;
			buildConfigurations = (
				2C5AA51B1B2B790000A5987D /* Debug */,
				2C5AA51C1B2B790000A5987D /* Release */,
			);
			defaultConfigurationIsVisible = 0;
			defaultConfigurationName = Release;
		};
/* End XCConfigurationList section */
	};
	rootObject = 2C5AA4D61B2B78FF00A5987D /* Project object */;
}
